// !$*UTF8*$!
{
	archiveVersion = 1;
	classes = {
	};
	objectVersion = 56;
	objects = {

/* Begin PBXBuildFile section */
		4D0CF9C72AB0FEAF007452DF /* UnsplashPicture.swift in Sources */ = {isa = PBXBuildFile; fileRef = 4D0CF9C62AB0FEAF007452DF /* UnsplashPicture.swift */; };
		4D0CF9C92AB108B0007452DF /* check in Resources */ = {isa = PBXBuildFile; fileRef = 4D0CF9C82AB108B0007452DF /* check */; };
		4D0CF9CB2AB10A0C007452DF /* ImageToShow.swift in Sources */ = {isa = PBXBuildFile; fileRef = 4D0CF9CA2AB10A0C007452DF /* ImageToShow.swift */; };
		4D0CF9CD2AB2018B007452DF /* NetworkService.swift in Sources */ = {isa = PBXBuildFile; fileRef = 4D0CF9CC2AB2018A007452DF /* NetworkService.swift */; };
		4D0CF9D02AB22F6B007452DF /* PictureView.swift in Sources */ = {isa = PBXBuildFile; fileRef = 4D0CF9CF2AB22F6B007452DF /* PictureView.swift */; };
		4D0CF9D52AB38B09007452DF /* MainScreenViewModel.swift in Sources */ = {isa = PBXBuildFile; fileRef = 4D0CF9D42AB38B09007452DF /* MainScreenViewModel.swift */; };
		4D3A5C272AC46FD400B50FB9 /* ResponseCode.swift in Sources */ = {isa = PBXBuildFile; fileRef = 4D3A5C262AC46FD400B50FB9 /* ResponseCode.swift */; };
		4D3A5C2A2AC4C45C00B50FB9 /* ImagesCache.swift in Sources */ = {isa = PBXBuildFile; fileRef = 4D3A5C292AC4C45C00B50FB9 /* ImagesCache.swift */; };
		4D6F7D052AB4E0D800DE5137 /* URL.swift in Sources */ = {isa = PBXBuildFile; fileRef = 4D6F7D042AB4E0D800DE5137 /* URL.swift */; };
		4D6F7D092AB4F34700DE5137 /* Config.plist in Resources */ = {isa = PBXBuildFile; fileRef = 4D6F7D082AB4F34600DE5137 /* Config.plist */; };
		4D95BE332AADF29C00A3BC2D /* imagesApp.swift in Sources */ = {isa = PBXBuildFile; fileRef = 4D95BE322AADF29C00A3BC2D /* imagesApp.swift */; };
		4D95BE352AADF29C00A3BC2D /* MainScreenView.swift in Sources */ = {isa = PBXBuildFile; fileRef = 4D95BE342AADF29C00A3BC2D /* MainScreenView.swift */; };
		4DF663CE2AB50BE6008F7C2F /* Preview Assets.xcassets in Resources */ = {isa = PBXBuildFile; fileRef = 4DF663CD2AB50BE6008F7C2F /* Preview Assets.xcassets */; };
		4DF663D02AB50C4E008F7C2F /* Assets.xcassets in Resources */ = {isa = PBXBuildFile; fileRef = 4DF663CF2AB50C4E008F7C2F /* Assets.xcassets */; };
		4DF663EF2AB602CE008F7C2F /* NetworkErrors.swift in Sources */ = {isa = PBXBuildFile; fileRef = 4DF663EE2AB602CE008F7C2F /* NetworkErrors.swift */; };
		4DF663F12AB79CE0008F7C2F /* NetworkManager.swift in Sources */ = {isa = PBXBuildFile; fileRef = 4DF663F02AB79CE0008F7C2F /* NetworkManager.swift */; };
		4DF663F32AB7CCC0008F7C2F /* LoadingStatus.swift in Sources */ = {isa = PBXBuildFile; fileRef = 4DF663F22AB7CCC0008F7C2F /* LoadingStatus.swift */; };
		4DF663F52AB7D11C008F7C2F /* PictureWithText.swift in Sources */ = {isa = PBXBuildFile; fileRef = 4DF663F42AB7D11C008F7C2F /* PictureWithText.swift */; };
/* End PBXBuildFile section */

/* Begin PBXFileReference section */
		4D0CF9C62AB0FEAF007452DF /* UnsplashPicture.swift */ = {isa = PBXFileReference; lastKnownFileType = sourcecode.swift; path = UnsplashPicture.swift; sourceTree = "<group>"; };
		4D0CF9C82AB108B0007452DF /* check */ = {isa = PBXFileReference; lastKnownFileType = text; path = check; sourceTree = "<group>"; };
		4D0CF9CA2AB10A0C007452DF /* ImageToShow.swift */ = {isa = PBXFileReference; lastKnownFileType = sourcecode.swift; path = ImageToShow.swift; sourceTree = "<group>"; };
		4D0CF9CC2AB2018A007452DF /* NetworkService.swift */ = {isa = PBXFileReference; lastKnownFileType = sourcecode.swift; path = NetworkService.swift; sourceTree = "<group>"; };
		4D0CF9CF2AB22F6B007452DF /* PictureView.swift */ = {isa = PBXFileReference; lastKnownFileType = sourcecode.swift; path = PictureView.swift; sourceTree = "<group>"; };
		4D0CF9D42AB38B09007452DF /* MainScreenViewModel.swift */ = {isa = PBXFileReference; lastKnownFileType = sourcecode.swift; path = MainScreenViewModel.swift; sourceTree = "<group>"; };
		4D3A5C262AC46FD400B50FB9 /* ResponseCode.swift */ = {isa = PBXFileReference; lastKnownFileType = sourcecode.swift; path = ResponseCode.swift; sourceTree = "<group>"; };
		4D3A5C292AC4C45C00B50FB9 /* ImagesCache.swift */ = {isa = PBXFileReference; lastKnownFileType = sourcecode.swift; path = ImagesCache.swift; sourceTree = "<group>"; };
		4D6F7D042AB4E0D800DE5137 /* URL.swift */ = {isa = PBXFileReference; lastKnownFileType = sourcecode.swift; path = URL.swift; sourceTree = "<group>"; };
		4D6F7D082AB4F34600DE5137 /* Config.plist */ = {isa = PBXFileReference; fileEncoding = 4; lastKnownFileType = text.plist.xml; path = Config.plist; sourceTree = "<group>"; };
		4D95BE2F2AADF29C00A3BC2D /* images.app */ = {isa = PBXFileReference; explicitFileType = wrapper.application; includeInIndex = 0; path = images.app; sourceTree = BUILT_PRODUCTS_DIR; };
		4D95BE322AADF29C00A3BC2D /* imagesApp.swift */ = {isa = PBXFileReference; lastKnownFileType = sourcecode.swift; path = imagesApp.swift; sourceTree = "<group>"; };
		4D95BE342AADF29C00A3BC2D /* MainScreenView.swift */ = {isa = PBXFileReference; lastKnownFileType = sourcecode.swift; path = MainScreenView.swift; sourceTree = "<group>"; };
		4DF663CD2AB50BE6008F7C2F /* Preview Assets.xcassets */ = {isa = PBXFileReference; lastKnownFileType = folder.assetcatalog; path = "Preview Assets.xcassets"; sourceTree = "<group>"; };
		4DF663CF2AB50C4E008F7C2F /* Assets.xcassets */ = {isa = PBXFileReference; lastKnownFileType = folder.assetcatalog; path = Assets.xcassets; sourceTree = "<group>"; };
		4DF663EE2AB602CE008F7C2F /* NetworkErrors.swift */ = {isa = PBXFileReference; lastKnownFileType = sourcecode.swift; path = NetworkErrors.swift; sourceTree = "<group>"; };
		4DF663F02AB79CE0008F7C2F /* NetworkManager.swift */ = {isa = PBXFileReference; lastKnownFileType = sourcecode.swift; path = NetworkManager.swift; sourceTree = "<group>"; };
		4DF663F22AB7CCC0008F7C2F /* LoadingStatus.swift */ = {isa = PBXFileReference; lastKnownFileType = sourcecode.swift; path = LoadingStatus.swift; sourceTree = "<group>"; };
		4DF663F42AB7D11C008F7C2F /* PictureWithText.swift */ = {isa = PBXFileReference; lastKnownFileType = sourcecode.swift; path = PictureWithText.swift; sourceTree = "<group>"; };
/* End PBXFileReference section */

/* Begin PBXFrameworksBuildPhase section */
		4D95BE2C2AADF29C00A3BC2D /* Frameworks */ = {
			isa = PBXFrameworksBuildPhase;
			buildActionMask = 2147483647;
			files = (
			);
			runOnlyForDeploymentPostprocessing = 0;
		};
/* End PBXFrameworksBuildPhase section */

/* Begin PBXGroup section */
		4D0CF9C52AB0FD08007452DF /* Model */ = {
			isa = PBXGroup;
			children = (
				4D3A5C282AC4705700B50FB9 /* Network */,
				4D0CF9C62AB0FEAF007452DF /* UnsplashPicture.swift */,
				4D0CF9CA2AB10A0C007452DF /* ImageToShow.swift */,
			);
			path = Model;
			sourceTree = "<group>";
		};
		4D0CF9CE2AB22F09007452DF /* View */ = {
			isa = PBXGroup;
			children = (
				4D95BE342AADF29C00A3BC2D /* MainScreenView.swift */,
				4D0CF9CF2AB22F6B007452DF /* PictureView.swift */,
				4DF663F42AB7D11C008F7C2F /* PictureWithText.swift */,
			);
			path = View;
			sourceTree = "<group>";
		};
		4D0CF9D12AB38A73007452DF /* ViewModel */ = {
			isa = PBXGroup;
			children = (
				4D0CF9D42AB38B09007452DF /* MainScreenViewModel.swift */,
			);
			path = ViewModel;
			sourceTree = "<group>";
		};
		4D3A5C282AC4705700B50FB9 /* Network */ = {
			isa = PBXGroup;
			children = (
				4D0CF9CC2AB2018A007452DF /* NetworkService.swift */,
				4DF663F02AB79CE0008F7C2F /* NetworkManager.swift */,
				4D3A5C292AC4C45C00B50FB9 /* ImagesCache.swift */,
			);
			path = Network;
			sourceTree = "<group>";
		};
		4D6F7D032AB4E0C400DE5137 /* Extensions */ = {
			isa = PBXGroup;
			children = (
				4D6F7D042AB4E0D800DE5137 /* URL.swift */,
			);
			path = Extensions;
			sourceTree = "<group>";
		};
		4D6F7D0A2AB4F7A700DE5137 /* App */ = {
			isa = PBXGroup;
			children = (
				4D6F7D082AB4F34600DE5137 /* Config.plist */,
				4D95BE322AADF29C00A3BC2D /* imagesApp.swift */,
			);
			path = App;
			sourceTree = "<group>";
		};
		4D95BE262AADF29C00A3BC2D = {
			isa = PBXGroup;
			children = (
				4D95BE312AADF29C00A3BC2D /* images */,
				4D95BE302AADF29C00A3BC2D /* Products */,
			);
			sourceTree = "<group>";
		};
		4D95BE302AADF29C00A3BC2D /* Products */ = {
			isa = PBXGroup;
			children = (
				4D95BE2F2AADF29C00A3BC2D /* images.app */,
			);
			name = Products;
			sourceTree = "<group>";
		};
		4D95BE312AADF29C00A3BC2D /* images */ = {
			isa = PBXGroup;
			children = (
				4DF663ED2AB602B8008F7C2F /* Enum */,
				4DF663CC2AB50BE6008F7C2F /* Preview Content */,
				4DF663CF2AB50C4E008F7C2F /* Assets.xcassets */,
				4D6F7D0A2AB4F7A700DE5137 /* App */,
				4D0CF9C82AB108B0007452DF /* check */,
				4D6F7D032AB4E0C400DE5137 /* Extensions */,
				4D0CF9C52AB0FD08007452DF /* Model */,
				4D0CF9CE2AB22F09007452DF /* View */,
				4D0CF9D12AB38A73007452DF /* ViewModel */,
			);
			path = images;
			sourceTree = "<group>";
		};
		4DF663CC2AB50BE6008F7C2F /* Preview Content */ = {
			isa = PBXGroup;
			children = (
				4DF663CD2AB50BE6008F7C2F /* Preview Assets.xcassets */,
			);
			name = "Preview Content";
			path = "images/Preview Content";
			sourceTree = SOURCE_ROOT;
		};
		4DF663ED2AB602B8008F7C2F /* Enum */ = {
			isa = PBXGroup;
			children = (
				4DF663EE2AB602CE008F7C2F /* NetworkErrors.swift */,
				4DF663F22AB7CCC0008F7C2F /* LoadingStatus.swift */,
				4D3A5C262AC46FD400B50FB9 /* ResponseCode.swift */,
			);
			path = Enum;
			sourceTree = "<group>";
		};
/* End PBXGroup section */

/* Begin PBXNativeTarget section */
		4D95BE2E2AADF29C00A3BC2D /* images */ = {
			isa = PBXNativeTarget;
			buildConfigurationList = 4D95BE3D2AADF29F00A3BC2D /* Build configuration list for PBXNativeTarget "images" */;
			buildPhases = (
				4D95BE2B2AADF29C00A3BC2D /* Sources */,
				4D95BE2C2AADF29C00A3BC2D /* Frameworks */,
				4D95BE2D2AADF29C00A3BC2D /* Resources */,
			);
			buildRules = (
			);
			dependencies = (
			);
			name = images;
			productName = images;
			productReference = 4D95BE2F2AADF29C00A3BC2D /* images.app */;
			productType = "com.apple.product-type.application";
		};
/* End PBXNativeTarget section */

/* Begin PBXProject section */
		4D95BE272AADF29C00A3BC2D /* Project object */ = {
			isa = PBXProject;
			attributes = {
				BuildIndependentTargetsInParallel = 1;
				LastSwiftUpdateCheck = 1430;
				LastUpgradeCheck = 1430;
				TargetAttributes = {
					4D95BE2E2AADF29C00A3BC2D = {
						CreatedOnToolsVersion = 14.3;
					};
				};
			};
			buildConfigurationList = 4D95BE2A2AADF29C00A3BC2D /* Build configuration list for PBXProject "images" */;
			compatibilityVersion = "Xcode 14.0";
			developmentRegion = en;
			hasScannedForEncodings = 0;
			knownRegions = (
				en,
				Base,
			);
			mainGroup = 4D95BE262AADF29C00A3BC2D;
			productRefGroup = 4D95BE302AADF29C00A3BC2D /* Products */;
			projectDirPath = "";
			projectRoot = "";
			targets = (
				4D95BE2E2AADF29C00A3BC2D /* images */,
			);
		};
/* End PBXProject section */

/* Begin PBXResourcesBuildPhase section */
		4D95BE2D2AADF29C00A3BC2D /* Resources */ = {
			isa = PBXResourcesBuildPhase;
			buildActionMask = 2147483647;
			files = (
				4D6F7D092AB4F34700DE5137 /* Config.plist in Resources */,
				4D0CF9C92AB108B0007452DF /* check in Resources */,
				4DF663CE2AB50BE6008F7C2F /* Preview Assets.xcassets in Resources */,
				4DF663D02AB50C4E008F7C2F /* Assets.xcassets in Resources */,
			);
			runOnlyForDeploymentPostprocessing = 0;
		};
/* End PBXResourcesBuildPhase section */

/* Begin PBXSourcesBuildPhase section */
		4D95BE2B2AADF29C00A3BC2D /* Sources */ = {
			isa = PBXSourcesBuildPhase;
			buildActionMask = 2147483647;
			files = (
				4D0CF9C72AB0FEAF007452DF /* UnsplashPicture.swift in Sources */,
				4D0CF9D52AB38B09007452DF /* MainScreenViewModel.swift in Sources */,
				4D3A5C272AC46FD400B50FB9 /* ResponseCode.swift in Sources */,
				4DF663F12AB79CE0008F7C2F /* NetworkManager.swift in Sources */,
				4D95BE352AADF29C00A3BC2D /* MainScreenView.swift in Sources */,
				4D95BE332AADF29C00A3BC2D /* imagesApp.swift in Sources */,
				4D3A5C2A2AC4C45C00B50FB9 /* ImagesCache.swift in Sources */,
				4DF663F52AB7D11C008F7C2F /* PictureWithText.swift in Sources */,
				4D0CF9D02AB22F6B007452DF /* PictureView.swift in Sources */,
				4D0CF9CB2AB10A0C007452DF /* ImageToShow.swift in Sources */,
				4D0CF9CD2AB2018B007452DF /* NetworkService.swift in Sources */,
				4D6F7D052AB4E0D800DE5137 /* URL.swift in Sources */,
				4DF663EF2AB602CE008F7C2F /* NetworkErrors.swift in Sources */,
				4DF663F32AB7CCC0008F7C2F /* LoadingStatus.swift in Sources */,
			);
			runOnlyForDeploymentPostprocessing = 0;
		};
/* End PBXSourcesBuildPhase section */

/* Begin XCBuildConfiguration section */
		4D95BE3B2AADF29F00A3BC2D /* Debug */ = {
			isa = XCBuildConfiguration;
			buildSettings = {
				ALWAYS_SEARCH_USER_PATHS = NO;
				CLANG_ANALYZER_NONNULL = YES;
				CLANG_ANALYZER_NUMBER_OBJECT_CONVERSION = YES_AGGRESSIVE;
				CLANG_CXX_LANGUAGE_STANDARD = "gnu++20";
				CLANG_ENABLE_MODULES = YES;
				CLANG_ENABLE_OBJC_ARC = YES;
				CLANG_ENABLE_OBJC_WEAK = YES;
				CLANG_WARN_BLOCK_CAPTURE_AUTORELEASING = YES;
				CLANG_WARN_BOOL_CONVERSION = YES;
				CLANG_WARN_COMMA = YES;
				CLANG_WARN_CONSTANT_CONVERSION = YES;
				CLANG_WARN_DEPRECATED_OBJC_IMPLEMENTATIONS = YES;
				CLANG_WARN_DIRECT_OBJC_ISA_USAGE = YES_ERROR;
				CLANG_WARN_DOCUMENTATION_COMMENTS = YES;
				CLANG_WARN_EMPTY_BODY = YES;
				CLANG_WARN_ENUM_CONVERSION = YES;
				CLANG_WARN_INFINITE_RECURSION = YES;
				CLANG_WARN_INT_CONVERSION = YES;
				CLANG_WARN_NON_LITERAL_NULL_CONVERSION = YES;
				CLANG_WARN_OBJC_IMPLICIT_RETAIN_SELF = YES;
				CLANG_WARN_OBJC_LITERAL_CONVERSION = YES;
				CLANG_WARN_OBJC_ROOT_CLASS = YES_ERROR;
				CLANG_WARN_QUOTED_INCLUDE_IN_FRAMEWORK_HEADER = YES;
				CLANG_WARN_RANGE_LOOP_ANALYSIS = YES;
				CLANG_WARN_STRICT_PROTOTYPES = YES;
				CLANG_WARN_SUSPICIOUS_MOVE = YES;
				CLANG_WARN_UNGUARDED_AVAILABILITY = YES_AGGRESSIVE;
				CLANG_WARN_UNREACHABLE_CODE = YES;
				CLANG_WARN__DUPLICATE_METHOD_MATCH = YES;
				COPY_PHASE_STRIP = NO;
				DEBUG_INFORMATION_FORMAT = dwarf;
				ENABLE_STRICT_OBJC_MSGSEND = YES;
				ENABLE_TESTABILITY = YES;
				GCC_C_LANGUAGE_STANDARD = gnu11;
				GCC_DYNAMIC_NO_PIC = NO;
				GCC_NO_COMMON_BLOCKS = YES;
				GCC_OPTIMIZATION_LEVEL = 0;
				GCC_PREPROCESSOR_DEFINITIONS = (
					"DEBUG=1",
					"$(inherited)",
				);
				GCC_WARN_64_TO_32_BIT_CONVERSION = YES;
				GCC_WARN_ABOUT_RETURN_TYPE = YES_ERROR;
				GCC_WARN_UNDECLARED_SELECTOR = YES;
				GCC_WARN_UNINITIALIZED_AUTOS = YES_AGGRESSIVE;
				GCC_WARN_UNUSED_FUNCTION = YES;
				GCC_WARN_UNUSED_VARIABLE = YES;
				IPHONEOS_DEPLOYMENT_TARGET = 16.4;
				MTL_ENABLE_DEBUG_INFO = INCLUDE_SOURCE;
				MTL_FAST_MATH = YES;
				ONLY_ACTIVE_ARCH = YES;
				SDKROOT = iphoneos;
				SWIFT_ACTIVE_COMPILATION_CONDITIONS = DEBUG;
				SWIFT_OPTIMIZATION_LEVEL = "-Onone";
			};
			name = Debug;
		};
		4D95BE3C2AADF29F00A3BC2D /* Release */ = {
			isa = XCBuildConfiguration;
			buildSettings = {
				ALWAYS_SEARCH_USER_PATHS = NO;
				CLANG_ANALYZER_NONNULL = YES;
				CLANG_ANALYZER_NUMBER_OBJECT_CONVERSION = YES_AGGRESSIVE;
				CLANG_CXX_LANGUAGE_STANDARD = "gnu++20";
				CLANG_ENABLE_MODULES = YES;
				CLANG_ENABLE_OBJC_ARC = YES;
				CLANG_ENABLE_OBJC_WEAK = YES;
				CLANG_WARN_BLOCK_CAPTURE_AUTORELEASING = YES;
				CLANG_WARN_BOOL_CONVERSION = YES;
				CLANG_WARN_COMMA = YES;
				CLANG_WARN_CONSTANT_CONVERSION = YES;
				CLANG_WARN_DEPRECATED_OBJC_IMPLEMENTATIONS = YES;
				CLANG_WARN_DIRECT_OBJC_ISA_USAGE = YES_ERROR;
				CLANG_WARN_DOCUMENTATION_COMMENTS = YES;
				CLANG_WARN_EMPTY_BODY = YES;
				CLANG_WARN_ENUM_CONVERSION = YES;
				CLANG_WARN_INFINITE_RECURSION = YES;
				CLANG_WARN_INT_CONVERSION = YES;
				CLANG_WARN_NON_LITERAL_NULL_CONVERSION = YES;
				CLANG_WARN_OBJC_IMPLICIT_RETAIN_SELF = YES;
				CLANG_WARN_OBJC_LITERAL_CONVERSION = YES;
				CLANG_WARN_OBJC_ROOT_CLASS = YES_ERROR;
				CLANG_WARN_QUOTED_INCLUDE_IN_FRAMEWORK_HEADER = YES;
				CLANG_WARN_RANGE_LOOP_ANALYSIS = YES;
				CLANG_WARN_STRICT_PROTOTYPES = YES;
				CLANG_WARN_SUSPICIOUS_MOVE = YES;
				CLANG_WARN_UNGUARDED_AVAILABILITY = YES_AGGRESSIVE;
				CLANG_WARN_UNREACHABLE_CODE = YES;
				CLANG_WARN__DUPLICATE_METHOD_MATCH = YES;
				COPY_PHASE_STRIP = NO;
				DEBUG_INFORMATION_FORMAT = "dwarf-with-dsym";
				ENABLE_NS_ASSERTIONS = NO;
				ENABLE_STRICT_OBJC_MSGSEND = YES;
				GCC_C_LANGUAGE_STANDARD = gnu11;
				GCC_NO_COMMON_BLOCKS = YES;
				GCC_WARN_64_TO_32_BIT_CONVERSION = YES;
				GCC_WARN_ABOUT_RETURN_TYPE = YES_ERROR;
				GCC_WARN_UNDECLARED_SELECTOR = YES;
				GCC_WARN_UNINITIALIZED_AUTOS = YES_AGGRESSIVE;
				GCC_WARN_UNUSED_FUNCTION = YES;
				GCC_WARN_UNUSED_VARIABLE = YES;
				IPHONEOS_DEPLOYMENT_TARGET = 16.4;
				MTL_ENABLE_DEBUG_INFO = NO;
				MTL_FAST_MATH = YES;
				SDKROOT = iphoneos;
				SWIFT_COMPILATION_MODE = wholemodule;
				SWIFT_OPTIMIZATION_LEVEL = "-O";
				VALIDATE_PRODUCT = YES;
			};
			name = Release;
		};
		4D95BE3E2AADF29F00A3BC2D /* Debug */ = {
			isa = XCBuildConfiguration;
			buildSettings = {
				ASSETCATALOG_COMPILER_APPICON_NAME = AppIcon;
				ASSETCATALOG_COMPILER_GLOBAL_ACCENT_COLOR_NAME = AccentColor;
				CODE_SIGN_STYLE = Manual;
				CURRENT_PROJECT_VERSION = 1;
				DEVELOPMENT_ASSET_PATHS = "\"images/Preview Content\"";
				DEVELOPMENT_TEAM = "";
				ENABLE_PREVIEWS = YES;
				GENERATE_INFOPLIST_FILE = YES;
				INFOPLIST_KEY_UIApplicationSceneManifest_Generation = YES;
				INFOPLIST_KEY_UIApplicationSupportsIndirectInputEvents = YES;
				INFOPLIST_KEY_UILaunchScreen_Generation = YES;
				INFOPLIST_KEY_UISupportedInterfaceOrientations_iPad = "UIInterfaceOrientationPortrait UIInterfaceOrientationPortraitUpsideDown UIInterfaceOrientationLandscapeLeft UIInterfaceOrientationLandscapeRight";
				INFOPLIST_KEY_UISupportedInterfaceOrientations_iPhone = "UIInterfaceOrientationPortrait UIInterfaceOrientationLandscapeLeft UIInterfaceOrientationLandscapeRight";
				IPHONEOS_DEPLOYMENT_TARGET = 16.4;
				LD_RUNPATH_SEARCH_PATHS = (
					"$(inherited)",
					"@executable_path/Frameworks",
				);
				MARKETING_VERSION = 1.0;
				PRODUCT_BUNDLE_IDENTIFIER = aliya.images;
				PRODUCT_NAME = "$(TARGET_NAME)";
				PROVISIONING_PROFILE_SPECIFIER = "";
				SWIFT_EMIT_LOC_STRINGS = YES;
				SWIFT_VERSION = 5.0;
				TARGETED_DEVICE_FAMILY = "1,2";
			};
			name = Debug;
		};
		4D95BE3F2AADF29F00A3BC2D /* Release */ = {
			isa = XCBuildConfiguration;
			buildSettings = {
				ASSETCATALOG_COMPILER_APPICON_NAME = AppIcon;
				ASSETCATALOG_COMPILER_GLOBAL_ACCENT_COLOR_NAME = AccentColor;
				CODE_SIGN_STYLE = Manual;
				CURRENT_PROJECT_VERSION = 1;
				DEVELOPMENT_ASSET_PATHS = "\"images/Preview Content\"";
				DEVELOPMENT_TEAM = "";
				ENABLE_PREVIEWS = YES;
				GENERATE_INFOPLIST_FILE = YES;
				INFOPLIST_KEY_UIApplicationSceneManifest_Generation = YES;
				INFOPLIST_KEY_UIApplicationSupportsIndirectInputEvents = YES;
				INFOPLIST_KEY_UILaunchScreen_Generation = YES;
				INFOPLIST_KEY_UISupportedInterfaceOrientations_iPad = "UIInterfaceOrientationPortrait UIInterfaceOrientationPortraitUpsideDown UIInterfaceOrientationLandscapeLeft UIInterfaceOrientationLandscapeRight";
				INFOPLIST_KEY_UISupportedInterfaceOrientations_iPhone = "UIInterfaceOrientationPortrait UIInterfaceOrientationLandscapeLeft UIInterfaceOrientationLandscapeRight";
				IPHONEOS_DEPLOYMENT_TARGET = 16.4;
				LD_RUNPATH_SEARCH_PATHS = (
					"$(inherited)",
					"@executable_path/Frameworks",
				);
				MARKETING_VERSION = 1.0;
				PRODUCT_BUNDLE_IDENTIFIER = aliya.images;
				PRODUCT_NAME = "$(TARGET_NAME)";
				PROVISIONING_PROFILE_SPECIFIER = "";
				SWIFT_EMIT_LOC_STRINGS = YES;
				SWIFT_VERSION = 5.0;
				TARGETED_DEVICE_FAMILY = "1,2";
			};
			name = Release;
		};
/* End XCBuildConfiguration section */

/* Begin XCConfigurationList section */
		4D95BE2A2AADF29C00A3BC2D /* Build configuration list for PBXProject "images" */ = {
			isa = XCConfigurationList;
			buildConfigurations = (
				4D95BE3B2AADF29F00A3BC2D /* Debug */,
				4D95BE3C2AADF29F00A3BC2D /* Release */,
			);
			defaultConfigurationIsVisible = 0;
			defaultConfigurationName = Release;
		};
		4D95BE3D2AADF29F00A3BC2D /* Build configuration list for PBXNativeTarget "images" */ = {
			isa = XCConfigurationList;
			buildConfigurations = (
				4D95BE3E2AADF29F00A3BC2D /* Debug */,
				4D95BE3F2AADF29F00A3BC2D /* Release */,
			);
			defaultConfigurationIsVisible = 0;
			defaultConfigurationName = Release;
		};
/* End XCConfigurationList section */
	};
	rootObject = 4D95BE272AADF29C00A3BC2D /* Project object */;
}
